
Microsoft Visual Studio Solution File, Format Version 12.00
# Visual Studio 15
VisualStudioVersion = 15.0.27004.2008
MinimumVisualStudioVersion = 10.0.40219.1
Project("{FAE04EC0-301F-11D3-BF4B-00C04F79EFBC}") = "WpfApp1", "WpfApp1\WpfApp1.csproj", "{F5F436C2-30B3-43B7-9CCB-E14F58253DAB}"
EndProject
Global
	GlobalSection(SolutionConfigurationPlatforms) = preSolution
		Debug|Any CPU = Debug|Any CPU
		Release|Any CPU = Release|Any CPU
	EndGlobalSection
	GlobalSection(ProjectConfigurationPlatforms) = postSolution
		{F5F436C2-30B3-43B7-9CCB-E14F58253DAB}.Debug|Any CPU.ActiveCfg = Debug|Any CPU
		{F5F436C2-30B3-43B7-9CCB-E14F58253DAB}.Debug|Any CPU.Build.0 = Debug|Any CPU
		{F5F436C2-30B3-43B7-9CCB-E14F58253DAB}.Release|Any CPU.ActiveCfg = Release|Any CPU
		{F5F436C2-30B3-43B7-9CCB-E14F58253DAB}.Release|Any CPU.Build.0 = Release|Any CPU
	EndGlobalSection
	GlobalSection(SolutionProperties) = preSolution
		HideSolutionNode = FALSE
	EndGlobalSection
	GlobalSection(ExtensibilityGlobals) = postSolution
		SolutionGuid = {075BF81B-2919-44CE-B008-42751B4AA5EF}
	EndGlobalSection
EndGlobal
